
Microsoft Visual Studio Solution File, Format Version 12.00
# Visual Studio Version 16
VisualStudioVersion = 16.0.30225.117
MinimumVisualStudioVersion = 10.0.40219.1
Project("{FAE04EC0-301F-11D3-BF4B-00C04F79EFBC}") = "Cardblast", "Cardblast\Cardblast.csproj", "{ABD85138-1992-4E03-A4A2-FF19DA88D6DD}"
EndProject
Global
	GlobalSection(SolutionConfigurationPlatforms) = preSolution
		Debug|Any CPU = Debug|Any CPU
		Release|Any CPU = Release|Any CPU
	EndGlobalSection
	GlobalSection(ProjectConfigurationPlatforms) = postSolution
		{ABD85138-1992-4E03-A4A2-FF19DA88D6DD}.Debug|Any CPU.ActiveCfg = Debug|Any CPU
		{ABD85138-1992-4E03-A4A2-FF19DA88D6DD}.Debug|Any CPU.Build.0 = Debug|Any CPU
		{ABD85138-1992-4E03-A4A2-FF19DA88D6DD}.Release|Any CPU.ActiveCfg = Release|Any CPU
		{ABD85138-1992-4E03-A4A2-FF19DA88D6DD}.Release|Any CPU.Build.0 = Release|Any CPU
	EndGlobalSection
	GlobalSection(SolutionProperties) = preSolution
		HideSolutionNode = FALSE
	EndGlobalSection
	GlobalSection(ExtensibilityGlobals) = postSolution
		SolutionGuid = {F295BE5F-E227-47A3-A24C-DA6CBC365D61}
	EndGlobalSection
EndGlobal
